// !$*UTF8*$!
{
	archiveVersion = 1;
	classes = {
	};
	objectVersion = 46;
	objects = {

/* Begin PBXBuildFile section */
		A570BB1E1458142400E07198 /* search_idev.c in Sources */ = {isa = PBXBuildFile; fileRef = A570BB1D1458142400E07198 /* search_idev.c */; };
		A5A705ED1456A817009BC808 /* error.h in Headers */ = {isa = PBXBuildFile; fileRef = A5A705EB1456A817009BC808 /* error.h */; };
		A5A705EE1456A817009BC808 /* error.c in Sources */ = {isa = PBXBuildFile; fileRef = A5A705EC1456A817009BC808 /* error.c */; };
		A5A705F71456D3D4009BC808 /* warning.h in Headers */ = {isa = PBXBuildFile; fileRef = A5A705F51456D3D4009BC808 /* warning.h */; };
		A5A705F81456D3D4009BC808 /* warning.c in Sources */ = {isa = PBXBuildFile; fileRef = A5A705F61456D3D4009BC808 /* warning.c */; };
		A5C935CB14596CF600F38904 /* get_serial.c in Sources */ = {isa = PBXBuildFile; fileRef = A5C935CA14596CF600F38904 /* get_serial.c */; };
		A5DE52AB14554A3E003FC684 /* config.h in Headers */ = {isa = PBXBuildFile; fileRef = A5DE529514554A3E003FC684 /* config.h */; };
		A5DE52AC14554A3E003FC684 /* libusb.h in Headers */ = {isa = PBXBuildFile; fileRef = A5DE529614554A3E003FC684 /* libusb.h */; };
		A5DE52AD14554A3E003FC684 /* libusbi.h in Headers */ = {isa = PBXBuildFile; fileRef = A5DE529714554A3E003FC684 /* libusbi.h */; };
		A5DE52AE14554A3E003FC684 /* config.h in Headers */ = {isa = PBXBuildFile; fileRef = A5DE529914554A3E003FC684 /* config.h */; };
		A5DE52AF14554A3E003FC684 /* darwin_usb.c in Sources */ = {isa = PBXBuildFile; fileRef = A5DE529A14554A3E003FC684 /* darwin_usb.c */; };
		A5DE52B014554A3E003FC684 /* darwin_usb.h in Headers */ = {isa = PBXBuildFile; fileRef = A5DE529B14554A3E003FC684 /* darwin_usb.h */; };
		A5DE52B114554A3E003FC684 /* libusb.h in Headers */ = {isa = PBXBuildFile; fileRef = A5DE529C14554A3E003FC684 /* libusb.h */; };
		A5DE52B214554A3E003FC684 /* libusbi.h in Headers */ = {isa = PBXBuildFile; fileRef = A5DE529D14554A3E003FC684 /* libusbi.h */; };
		A5DE52B314554A3E003FC684 /* linux_usbfs.c in Sources */ = {isa = PBXBuildFile; fileRef = A5DE529E14554A3E003FC684 /* linux_usbfs.c */; };
		A5DE52B414554A3E003FC684 /* linux_usbfs.h in Headers */ = {isa = PBXBuildFile; fileRef = A5DE529F14554A3E003FC684 /* linux_usbfs.h */; };
		A5DE52B514554A3E003FC684 /* poll_posix.h in Headers */ = {isa = PBXBuildFile; fileRef = A5DE52A014554A3E003FC684 /* poll_posix.h */; };
		A5DE52B614554A3E003FC684 /* poll_windows.c in Sources */ = {isa = PBXBuildFile; fileRef = A5DE52A114554A3E003FC684 /* poll_windows.c */; };
		A5DE52B714554A3E003FC684 /* poll_windows.h in Headers */ = {isa = PBXBuildFile; fileRef = A5DE52A214554A3E003FC684 /* poll_windows.h */; };
		A5DE52B814554A3E003FC684 /* threads_posix.h in Headers */ = {isa = PBXBuildFile; fileRef = A5DE52A314554A3E003FC684 /* threads_posix.h */; };
		A5DE52B914554A3E003FC684 /* threads_windows.c in Sources */ = {isa = PBXBuildFile; fileRef = A5DE52A414554A3E003FC684 /* threads_windows.c */; };
		A5DE52BA14554A3E003FC684 /* threads_windows.h in Headers */ = {isa = PBXBuildFile; fileRef = A5DE52A514554A3E003FC684 /* threads_windows.h */; };
		A5DE52BB14554A3E003FC684 /* windows_usb.c in Sources */ = {isa = PBXBuildFile; fileRef = A5DE52A614554A3E003FC684 /* windows_usb.c */; };
		A5DE52BC14554A3E003FC684 /* windows_usb.h in Headers */ = {isa = PBXBuildFile; fileRef = A5DE52A714554A3E003FC684 /* windows_usb.h */; };
		A5DE52BD14554A3E003FC684 /* tpl.c in Sources */ = {isa = PBXBuildFile; fileRef = A5DE52A914554A3E003FC684 /* tpl.c */; };
		A5DE52BE14554A3E003FC684 /* tpl.h in Headers */ = {isa = PBXBuildFile; fileRef = A5DE52AA14554A3E003FC684 /* tpl.h */; };
		A5DE52C414554B38003FC684 /* libusbip.h in Headers */ = {isa = PBXBuildFile; fileRef = A5DE52C314554B38003FC684 /* libusbip.h */; };
		A5DE52C714554B95003FC684 /* proto.h in Headers */ = {isa = PBXBuildFile; fileRef = A5DE52C614554B95003FC684 /* proto.h */; };
		A5DE52C914554C72003FC684 /* proto.c in Sources */ = {isa = PBXBuildFile; fileRef = A5DE52C814554C72003FC684 /* proto.c */; };
		A5DE52CC14556538003FC684 /* client.h in Headers */ = {isa = PBXBuildFile; fileRef = A5DE52CA14556538003FC684 /* client.h */; };
		A5DE52CD14556538003FC684 /* client.c in Sources */ = {isa = PBXBuildFile; fileRef = A5DE52CB14556538003FC684 /* client.c */; };
		A5DE52D01455655D003FC684 /* server.h in Headers */ = {isa = PBXBuildFile; fileRef = A5DE52CE1455655D003FC684 /* server.h */; };
		A5DE52D11455655D003FC684 /* server.c in Sources */ = {isa = PBXBuildFile; fileRef = A5DE52CF1455655D003FC684 /* server.c */; };
		A5DE52D31455659C003FC684 /* libusbip.c in Sources */ = {isa = PBXBuildFile; fileRef = A5DE52D21455659C003FC684 /* libusbip.c */; };
		A5DE52D914557A10003FC684 /* rpc_server.c in Sources */ = {isa = PBXBuildFile; fileRef = A5DE52D714557A10003FC684 /* rpc_server.c */; };
		A5DE52DE14557A53003FC684 /* rpc_client.c in Sources */ = {isa = PBXBuildFile; fileRef = A5DE52DC14557A53003FC684 /* rpc_client.c */; };
/* End PBXBuildFile section */

/* Begin PBXFileReference section */
		A570BB1D1458142400E07198 /* search_idev.c */ = {isa = PBXFileReference; fileEncoding = 4; lastKnownFileType = sourcecode.c.c; path = search_idev.c; sourceTree = "<group>"; };
		A570BE3C1458879000E07198 /* libusbip.a */ = {isa = PBXFileReference; explicitFileType = archive.ar; includeInIndex = 0; name = libusbip.a; path = "/Users/hekt0r/Desktop/git/usbip/build/Debug-iphonesimulator/libusbip.a"; sourceTree = "<absolute>"; };
		A5A705EB1456A817009BC808 /* error.h */ = {isa = PBXFileReference; fileEncoding = 4; lastKnownFileType = sourcecode.c.h; path = error.h; sourceTree = "<group>"; };
		A5A705EC1456A817009BC808 /* error.c */ = {isa = PBXFileReference; fileEncoding = 4; lastKnownFileType = sourcecode.c.c; path = error.c; sourceTree = "<group>"; };
		A5A705F51456D3D4009BC808 /* warning.h */ = {isa = PBXFileReference; fileEncoding = 4; lastKnownFileType = sourcecode.c.h; path = warning.h; sourceTree = "<group>"; };
		A5A705F61456D3D4009BC808 /* warning.c */ = {isa = PBXFileReference; fileEncoding = 4; lastKnownFileType = sourcecode.c.c; path = warning.c; sourceTree = "<group>"; };
		A5C935CA14596CF600F38904 /* get_serial.c */ = {isa = PBXFileReference; fileEncoding = 4; lastKnownFileType = sourcecode.c.c; path = get_serial.c; sourceTree = "<group>"; };
		A5DE529514554A3E003FC684 /* config.h */ = {isa = PBXFileReference; fileEncoding = 4; lastKnownFileType = sourcecode.c.h; path = config.h; sourceTree = "<group>"; };
		A5DE529614554A3E003FC684 /* libusb.h */ = {isa = PBXFileReference; fileEncoding = 4; lastKnownFileType = sourcecode.c.h; path = libusb.h; sourceTree = "<group>"; };
		A5DE529714554A3E003FC684 /* libusbi.h */ = {isa = PBXFileReference; fileEncoding = 4; lastKnownFileType = sourcecode.c.h; path = libusbi.h; sourceTree = "<group>"; };
		A5DE529914554A3E003FC684 /* config.h */ = {isa = PBXFileReference; fileEncoding = 4; lastKnownFileType = sourcecode.c.h; path = config.h; sourceTree = "<group>"; };
		A5DE529A14554A3E003FC684 /* darwin_usb.c */ = {isa = PBXFileReference; fileEncoding = 4; lastKnownFileType = sourcecode.c.c; path = darwin_usb.c; sourceTree = "<group>"; };
		A5DE529B14554A3E003FC684 /* darwin_usb.h */ = {isa = PBXFileReference; fileEncoding = 4; lastKnownFileType = sourcecode.c.h; path = darwin_usb.h; sourceTree = "<group>"; };
		A5DE529C14554A3E003FC684 /* libusb.h */ = {isa = PBXFileReference; fileEncoding = 4; lastKnownFileType = sourcecode.c.h; path = libusb.h; sourceTree = "<group>"; };
		A5DE529D14554A3E003FC684 /* libusbi.h */ = {isa = PBXFileReference; fileEncoding = 4; lastKnownFileType = sourcecode.c.h; path = libusbi.h; sourceTree = "<group>"; };
		A5DE529E14554A3E003FC684 /* linux_usbfs.c */ = {isa = PBXFileReference; fileEncoding = 4; lastKnownFileType = sourcecode.c.c; path = linux_usbfs.c; sourceTree = "<group>"; };
		A5DE529F14554A3E003FC684 /* linux_usbfs.h */ = {isa = PBXFileReference; fileEncoding = 4; lastKnownFileType = sourcecode.c.h; path = linux_usbfs.h; sourceTree = "<group>"; };
		A5DE52A014554A3E003FC684 /* poll_posix.h */ = {isa = PBXFileReference; fileEncoding = 4; lastKnownFileType = sourcecode.c.h; path = poll_posix.h; sourceTree = "<group>"; };
		A5DE52A114554A3E003FC684 /* poll_windows.c */ = {isa = PBXFileReference; fileEncoding = 4; lastKnownFileType = sourcecode.c.c; path = poll_windows.c; sourceTree = "<group>"; };
		A5DE52A214554A3E003FC684 /* poll_windows.h */ = {isa = PBXFileReference; fileEncoding = 4; lastKnownFileType = sourcecode.c.h; path = poll_windows.h; sourceTree = "<group>"; };
		A5DE52A314554A3E003FC684 /* threads_posix.h */ = {isa = PBXFileReference; fileEncoding = 4; lastKnownFileType = sourcecode.c.h; path = threads_posix.h; sourceTree = "<group>"; };
		A5DE52A414554A3E003FC684 /* threads_windows.c */ = {isa = PBXFileReference; fileEncoding = 4; lastKnownFileType = sourcecode.c.c; path = threads_windows.c; sourceTree = "<group>"; };
		A5DE52A514554A3E003FC684 /* threads_windows.h */ = {isa = PBXFileReference; fileEncoding = 4; lastKnownFileType = sourcecode.c.h; path = threads_windows.h; sourceTree = "<group>"; };
		A5DE52A614554A3E003FC684 /* windows_usb.c */ = {isa = PBXFileReference; fileEncoding = 4; lastKnownFileType = sourcecode.c.c; path = windows_usb.c; sourceTree = "<group>"; };
		A5DE52A714554A3E003FC684 /* windows_usb.h */ = {isa = PBXFileReference; fileEncoding = 4; lastKnownFileType = sourcecode.c.h; path = windows_usb.h; sourceTree = "<group>"; };
		A5DE52A914554A3E003FC684 /* tpl.c */ = {isa = PBXFileReference; fileEncoding = 4; lastKnownFileType = sourcecode.c.c; path = tpl.c; sourceTree = "<group>"; };
		A5DE52AA14554A3E003FC684 /* tpl.h */ = {isa = PBXFileReference; fileEncoding = 4; lastKnownFileType = sourcecode.c.h; path = tpl.h; sourceTree = "<group>"; };
		A5DE52C214554AAE003FC684 /* Makefile */ = {isa = PBXFileReference; fileEncoding = 4; lastKnownFileType = sourcecode.make; path = Makefile; sourceTree = "<group>"; };
		A5DE52C314554B38003FC684 /* libusbip.h */ = {isa = PBXFileReference; fileEncoding = 4; lastKnownFileType = sourcecode.c.h; path = libusbip.h; sourceTree = "<group>"; };
		A5DE52C614554B95003FC684 /* proto.h */ = {isa = PBXFileReference; fileEncoding = 4; lastKnownFileType = sourcecode.c.h; path = proto.h; sourceTree = "<group>"; };
		A5DE52C814554C72003FC684 /* proto.c */ = {isa = PBXFileReference; fileEncoding = 4; lastKnownFileType = sourcecode.c.c; path = proto.c; sourceTree = "<group>"; };
		A5DE52CA14556538003FC684 /* client.h */ = {isa = PBXFileReference; fileEncoding = 4; lastKnownFileType = sourcecode.c.h; path = client.h; sourceTree = "<group>"; };
		A5DE52CB14556538003FC684 /* client.c */ = {isa = PBXFileReference; fileEncoding = 4; lastKnownFileType = sourcecode.c.c; path = client.c; sourceTree = "<group>"; };
		A5DE52CE1455655D003FC684 /* server.h */ = {isa = PBXFileReference; fileEncoding = 4; lastKnownFileType = sourcecode.c.h; path = server.h; sourceTree = "<group>"; };
		A5DE52CF1455655D003FC684 /* server.c */ = {isa = PBXFileReference; fileEncoding = 4; lastKnownFileType = sourcecode.c.c; path = server.c; sourceTree = "<group>"; };
		A5DE52D21455659C003FC684 /* libusbip.c */ = {isa = PBXFileReference; fileEncoding = 4; lastKnownFileType = sourcecode.c.c; path = libusbip.c; sourceTree = "<group>"; };
		A5DE52D714557A10003FC684 /* rpc_server.c */ = {isa = PBXFileReference; fileEncoding = 4; lastKnownFileType = sourcecode.c.c; path = rpc_server.c; sourceTree = "<group>"; };
		A5DE52DC14557A53003FC684 /* rpc_client.c */ = {isa = PBXFileReference; fileEncoding = 4; lastKnownFileType = sourcecode.c.c; path = rpc_client.c; sourceTree = "<group>"; };
		A5DE52DF14558052003FC684 /* README.md */ = {isa = PBXFileReference; fileEncoding = 4; lastKnownFileType = text; path = README.md; sourceTree = "<group>"; };
/* End PBXFileReference section */

/* Begin PBXFrameworksBuildPhase section */
		D2AAC07C0554694100DB518D /* Frameworks */ = {
			isa = PBXFrameworksBuildPhase;
			buildActionMask = 2147483647;
			files = (
			);
			runOnlyForDeploymentPostprocessing = 0;
		};
/* End PBXFrameworksBuildPhase section */

/* Begin PBXGroup section */
		0867D691FE84028FC02AAC07 /* usbip */ = {
			isa = PBXGroup;
			children = (
				A5DE529314554A3E003FC684 /* include */,
				A5DE52C014554A5E003FC684 /* libusbip */,
				A5DE52C114554A8E003FC684 /* examples */,
				A5DE52C214554AAE003FC684 /* Makefile */,
				A5DE52DF14558052003FC684 /* README.md */,
			);
			name = usbip;
			sourceTree = "<group>";
		};
		A5DE529314554A3E003FC684 /* include */ = {
			isa = PBXGroup;
			children = (
				A5DE529414554A3E003FC684 /* libusb */,
				A5DE52A814554A3E003FC684 /* tpl */,
			);
			path = include;
			sourceTree = "<group>";
		};
		A5DE529414554A3E003FC684 /* libusb */ = {
			isa = PBXGroup;
			children = (
				A5DE529514554A3E003FC684 /* config.h */,
				A5DE529614554A3E003FC684 /* libusb.h */,
				A5DE529714554A3E003FC684 /* libusbi.h */,
				A5DE529814554A3E003FC684 /* os */,
			);
			path = libusb;
			sourceTree = "<group>";
		};
		A5DE529814554A3E003FC684 /* os */ = {
			isa = PBXGroup;
			children = (
				A5DE529914554A3E003FC684 /* config.h */,
				A5DE529A14554A3E003FC684 /* darwin_usb.c */,
				A5DE529B14554A3E003FC684 /* darwin_usb.h */,
				A5DE529C14554A3E003FC684 /* libusb.h */,
				A5DE529D14554A3E003FC684 /* libusbi.h */,
				A5DE529E14554A3E003FC684 /* linux_usbfs.c */,
				A5DE529F14554A3E003FC684 /* linux_usbfs.h */,
				A5DE52A014554A3E003FC684 /* poll_posix.h */,
				A5DE52A114554A3E003FC684 /* poll_windows.c */,
				A5DE52A214554A3E003FC684 /* poll_windows.h */,
				A5DE52A314554A3E003FC684 /* threads_posix.h */,
				A5DE52A414554A3E003FC684 /* threads_windows.c */,
				A5DE52A514554A3E003FC684 /* threads_windows.h */,
				A5DE52A614554A3E003FC684 /* windows_usb.c */,
				A5DE52A714554A3E003FC684 /* windows_usb.h */,
			);
			path = os;
			sourceTree = "<group>";
		};
		A5DE52A814554A3E003FC684 /* tpl */ = {
			isa = PBXGroup;
			children = (
				A5DE52A914554A3E003FC684 /* tpl.c */,
				A5DE52AA14554A3E003FC684 /* tpl.h */,
			);
			path = tpl;
			sourceTree = "<group>";
		};
		A5DE52C014554A5E003FC684 /* libusbip */ = {
			isa = PBXGroup;
			children = (
				A5DE52C314554B38003FC684 /* libusbip.h */,
				A5DE52D21455659C003FC684 /* libusbip.c */,
				A5A705EB1456A817009BC808 /* error.h */,
				A5A705EC1456A817009BC808 /* error.c */,
				A5A705F51456D3D4009BC808 /* warning.h */,
				A5A705F61456D3D4009BC808 /* warning.c */,
				A5DE52C614554B95003FC684 /* proto.h */,
				A5DE52C814554C72003FC684 /* proto.c */,
				A5DE52CA14556538003FC684 /* client.h */,
				A5DE52CB14556538003FC684 /* client.c */,
				A5DE52CE1455655D003FC684 /* server.h */,
				A5DE52CF1455655D003FC684 /* server.c */,
			);
			path = libusbip;
			sourceTree = "<group>";
		};
		A5DE52C114554A8E003FC684 /* examples */ = {
			isa = PBXGroup;
			children = (
				A5DE52D714557A10003FC684 /* rpc_server.c */,
				A5DE52DC14557A53003FC684 /* rpc_client.c */,
				A570BB1D1458142400E07198 /* search_idev.c */,
				A5C935CA14596CF600F38904 /* get_serial.c */,
			);
			path = examples;
			sourceTree = "<group>";
		};
/* End PBXGroup section */

/* Begin PBXHeadersBuildPhase section */
		D2AAC07A0554694100DB518D /* Headers */ = {
			isa = PBXHeadersBuildPhase;
			buildActionMask = 2147483647;
			files = (
				A5DE52AB14554A3E003FC684 /* config.h in Headers */,
				A5DE52AC14554A3E003FC684 /* libusb.h in Headers */,
				A5DE52AD14554A3E003FC684 /* libusbi.h in Headers */,
				A5DE52AE14554A3E003FC684 /* config.h in Headers */,
				A5DE52B014554A3E003FC684 /* darwin_usb.h in Headers */,
				A5DE52B114554A3E003FC684 /* libusb.h in Headers */,
				A5DE52B214554A3E003FC684 /* libusbi.h in Headers */,
				A5DE52B414554A3E003FC684 /* linux_usbfs.h in Headers */,
				A5DE52B514554A3E003FC684 /* poll_posix.h in Headers */,
				A5DE52B714554A3E003FC684 /* poll_windows.h in Headers */,
				A5DE52B814554A3E003FC684 /* threads_posix.h in Headers */,
				A5DE52BA14554A3E003FC684 /* threads_windows.h in Headers */,
				A5DE52BC14554A3E003FC684 /* windows_usb.h in Headers */,
				A5DE52BE14554A3E003FC684 /* tpl.h in Headers */,
				A5DE52C414554B38003FC684 /* libusbip.h in Headers */,
				A5DE52C714554B95003FC684 /* proto.h in Headers */,
				A5DE52CC14556538003FC684 /* client.h in Headers */,
				A5DE52D01455655D003FC684 /* server.h in Headers */,
				A5A705ED1456A817009BC808 /* error.h in Headers */,
				A5A705F71456D3D4009BC808 /* warning.h in Headers */,
			);
			runOnlyForDeploymentPostprocessing = 0;
		};
/* End PBXHeadersBuildPhase section */

/* Begin PBXNativeTarget section */
		D2AAC07D0554694100DB518D /* usbip */ = {
			isa = PBXNativeTarget;
			buildConfigurationList = 1DEB921E08733DC00010E9CD /* Build configuration list for PBXNativeTarget "usbip" */;
			buildPhases = (
				D2AAC07A0554694100DB518D /* Headers */,
				D2AAC07B0554694100DB518D /* Sources */,
				D2AAC07C0554694100DB518D /* Frameworks */,
			);
			buildRules = (
			);
			dependencies = (
			);
			name = usbip;
			productName = usbip;
			productReference = A570BE3C1458879000E07198 /* libusbip.a */;
			productType = "com.apple.product-type.library.static";
		};
/* End PBXNativeTarget section */

/* Begin PBXProject section */
		0867D690FE84028FC02AAC07 /* Project object */ = {
			isa = PBXProject;
			buildConfigurationList = 1DEB922208733DC00010E9CD /* Build configuration list for PBXProject "usbip" */;
			compatibilityVersion = "Xcode 3.2";
			developmentRegion = English;
			hasScannedForEncodings = 1;
			knownRegions = (
				English,
				Japanese,
				French,
				German,
			);
			mainGroup = 0867D691FE84028FC02AAC07 /* usbip */;
			productRefGroup = 0867D691FE84028FC02AAC07 /* usbip */;
			projectDirPath = "";
			projectRoot = "";
			targets = (
				D2AAC07D0554694100DB518D /* usbip */,
			);
		};
/* End PBXProject section */

/* Begin PBXSourcesBuildPhase section */
		D2AAC07B0554694100DB518D /* Sources */ = {
			isa = PBXSourcesBuildPhase;
			buildActionMask = 2147483647;
			files = (
				A5DE52AF14554A3E003FC684 /* darwin_usb.c in Sources */,
				A5DE52B314554A3E003FC684 /* linux_usbfs.c in Sources */,
				A5DE52B614554A3E003FC684 /* poll_windows.c in Sources */,
				A5DE52B914554A3E003FC684 /* threads_windows.c in Sources */,
				A5DE52BB14554A3E003FC684 /* windows_usb.c in Sources */,
				A5DE52BD14554A3E003FC684 /* tpl.c in Sources */,
				A5DE52C914554C72003FC684 /* proto.c in Sources */,
				A5DE52CD14556538003FC684 /* client.c in Sources */,
				A5DE52D11455655D003FC684 /* server.c in Sources */,
				A5DE52D31455659C003FC684 /* libusbip.c in Sources */,
				A5DE52D914557A10003FC684 /* rpc_server.c in Sources */,
				A5DE52DE14557A53003FC684 /* rpc_client.c in Sources */,
				A5A705EE1456A817009BC808 /* error.c in Sources */,
				A5A705F81456D3D4009BC808 /* warning.c in Sources */,
				A570BB1E1458142400E07198 /* search_idev.c in Sources */,
				A5C935CB14596CF600F38904 /* get_serial.c in Sources */,
			);
			runOnlyForDeploymentPostprocessing = 0;
		};
/* End PBXSourcesBuildPhase section */

/* Begin XCBuildConfiguration section */
		1DEB921F08733DC00010E9CD /* Debug */ = {
			isa = XCBuildConfiguration;
			buildSettings = {
				ALWAYS_SEARCH_USER_PATHS = NO;
				ARCHS = "$(ARCHS_STANDARD_32_BIT)";
				COPY_PHASE_STRIP = NO;
				DSTROOT = /tmp/usbip.dst;
				GCC_DYNAMIC_NO_PIC = NO;
				GCC_ENABLE_FIX_AND_CONTINUE = YES;
				GCC_MODEL_TUNING = G5;
				GCC_OPTIMIZATION_LEVEL = 0;
				GCC_PRECOMPILE_PREFIX_HEADER = YES;
				GCC_PREFIX_HEADER = usbip_Prefix.pch;
				INSTALL_PATH = /usr/local/lib;
				PRODUCT_NAME = usbip;
			};
			name = Debug;
		};
		1DEB922008733DC00010E9CD /* Release */ = {
			isa = XCBuildConfiguration;
			buildSettings = {
				ALWAYS_SEARCH_USER_PATHS = NO;
				ARCHS = "$(ARCHS_STANDARD_32_BIT)";
				DSTROOT = /tmp/usbip.dst;
				GCC_MODEL_TUNING = G5;
				GCC_PRECOMPILE_PREFIX_HEADER = YES;
				GCC_PREFIX_HEADER = usbip_Prefix.pch;
				INSTALL_PATH = /usr/local/lib;
				PRODUCT_NAME = usbip;
			};
			name = Release;
		};
		1DEB922308733DC00010E9CD /* Debug */ = {
			isa = XCBuildConfiguration;
			buildSettings = {
				ARCHS = "$(ARCHS_STANDARD_32_BIT)";
				GCC_C_LANGUAGE_STANDARD = c99;
				GCC_OPTIMIZATION_LEVEL = 0;
				GCC_WARN_ABOUT_RETURN_TYPE = YES;
				GCC_WARN_UNUSED_VARIABLE = YES;
				OTHER_LDFLAGS = "-ObjC";
				PREBINDING = NO;
				SDKROOT = iphoneos;
			};
			name = Debug;
		};
		1DEB922408733DC00010E9CD /* Release */ = {
			isa = XCBuildConfiguration;
			buildSettings = {
				ARCHS = "$(ARCHS_STANDARD_32_BIT)";
				GCC_C_LANGUAGE_STANDARD = c99;
				GCC_WARN_ABOUT_RETURN_TYPE = YES;
				GCC_WARN_UNUSED_VARIABLE = YES;
				OTHER_LDFLAGS = "-ObjC";
				PREBINDING = NO;
				SDKROOT = iphoneos;
			};
			name = Release;
		};
/* End XCBuildConfiguration section */

/* Begin XCConfigurationList section */
		1DEB921E08733DC00010E9CD /* Build configuration list for PBXNativeTarget "usbip" */ = {
			isa = XCConfigurationList;
			buildConfigurations = (
				1DEB921F08733DC00010E9CD /* Debug */,
				1DEB922008733DC00010E9CD /* Release */,
			);
			defaultConfigurationIsVisible = 0;
			defaultConfigurationName = Release;
		};
		1DEB922208733DC00010E9CD /* Build configuration list for PBXProject "usbip" */ = {
			isa = XCConfigurationList;
			buildConfigurations = (
				1DEB922308733DC00010E9CD /* Debug */,
				1DEB922408733DC00010E9CD /* Release */,
			);
			defaultConfigurationIsVisible = 0;
			defaultConfigurationName = Release;
		};
/* End XCConfigurationList section */
	};
	rootObject = 0867D690FE84028FC02AAC07 /* Project object */;
}
